
Microsoft Visual Studio Solution File, Format Version 12.00
# Visual Studio 2013
VisualStudioVersion = 12.0.30501.0
MinimumVisualStudioVersion = 10.0.40219.1
Project("{FAE04EC0-301F-11D3-BF4B-00C04F79EFBC}") = "DoorControl", "DoorControl\DoorControl.csproj", "{521807F0-C7CF-495B-B197-8E465C2FD7CB}"
EndProject
Project("{FAE04EC0-301F-11D3-BF4B-00C04F79EFBC}") = "DoorControl.Test.Unit", "DoorControl.Test.Unit\DoorControl.Test.Unit.csproj", "{B5C8757F-09E3-48F5-B3EB-78186A36E4AE}"
EndProject
Global
	GlobalSection(SolutionConfigurationPlatforms) = preSolution
		Debug|Any CPU = Debug|Any CPU
		Release|Any CPU = Release|Any CPU
	EndGlobalSection
	GlobalSection(ProjectConfigurationPlatforms) = postSolution
		{521807F0-C7CF-495B-B197-8E465C2FD7CB}.Debug|Any CPU.ActiveCfg = Debug|Any CPU
		{521807F0-C7CF-495B-B197-8E465C2FD7CB}.Debug|Any CPU.Build.0 = Debug|Any CPU
		{521807F0-C7CF-495B-B197-8E465C2FD7CB}.Release|Any CPU.ActiveCfg = Release|Any CPU
		{521807F0-C7CF-495B-B197-8E465C2FD7CB}.Release|Any CPU.Build.0 = Release|Any CPU
		{B5C8757F-09E3-48F5-B3EB-78186A36E4AE}.Debug|Any CPU.ActiveCfg = Debug|Any CPU
		{B5C8757F-09E3-48F5-B3EB-78186A36E4AE}.Debug|Any CPU.Build.0 = Debug|Any CPU
		{B5C8757F-09E3-48F5-B3EB-78186A36E4AE}.Release|Any CPU.ActiveCfg = Release|Any CPU
		{B5C8757F-09E3-48F5-B3EB-78186A36E4AE}.Release|Any CPU.Build.0 = Release|Any CPU
	EndGlobalSection
	GlobalSection(SolutionProperties) = preSolution
		HideSolutionNode = FALSE
	EndGlobalSection
EndGlobal
